// !$*UTF8*$!
{
	archiveVersion = 1;
	classes = {
	};
	objectVersion = 56;
	objects = {

/* Begin PBXBuildFile section */
		A01B000001000001 /* LifeGoodApp.swift in Sources */ = {isa = PBXBuildFile; fileRef = A01A000001000001 /* LifeGoodApp.swift */; };
		A01B000001000002 /* Expense.swift in Sources */ = {isa = PBXBuildFile; fileRef = A01A000001000002 /* Expense.swift */; };
		A01B000001000003 /* ExpenseStore.swift in Sources */ = {isa = PBXBuildFile; fileRef = A01A000001000003 /* ExpenseStore.swift */; };
		A01B000001000004 /* MainTabView.swift in Sources */ = {isa = PBXBuildFile; fileRef = A01A000001000004 /* MainTabView.swift */; };
		A01B000001000005 /* OverviewView.swift in Sources */ = {isa = PBXBuildFile; fileRef = A01A000001000005 /* OverviewView.swift */; };
		A01B000001000006 /* VariableExpenseView.swift in Sources */ = {isa = PBXBuildFile; fileRef = A01A000001000006 /* VariableExpenseView.swift */; };
		A01B000001000007 /* FixedExpenseView.swift in Sources */ = {isa = PBXBuildFile; fileRef = A01A000001000007 /* FixedExpenseView.swift */; };
		A01B000001000008 /* AddExpenseView.swift in Sources */ = {isa = PBXBuildFile; fileRef = A01A000001000008 /* AddExpenseView.swift */; };
		A01B000001000009 /* ChartView.swift in Sources */ = {isa = PBXBuildFile; fileRef = A01A000001000009 /* ChartView.swift */; };
		A01B00000100000D /* SettingsView.swift in Sources */ = {isa = PBXBuildFile; fileRef = A01A00000100000D /* SettingsView.swift */; };
		A01B00000100001B /* Income.swift in Sources */ = {isa = PBXBuildFile; fileRef = A01A00000100001B /* Income.swift */; };
		A01B00000100001C /* IncomeView.swift in Sources */ = {isa = PBXBuildFile; fileRef = A01A00000100001C /* IncomeView.swift */; };
		A01B00000100001D /* AddIncomeView.swift in Sources */ = {isa = PBXBuildFile; fileRef = A01A00000100001D /* AddIncomeView.swift */; };
		A01B00000100000E /* AppMode.swift in Sources */ = {isa = PBXBuildFile; fileRef = A01A00000100000E /* AppMode.swift */; };
		A01B00000100000F /* FinanceModels.swift in Sources */ = {isa = PBXBuildFile; fileRef = A01A00000100000F /* FinanceModels.swift */; };
		A01B000001000010 /* FinanceStore.swift in Sources */ = {isa = PBXBuildFile; fileRef = A01A000001000010 /* FinanceStore.swift */; };
		A01B000001000011 /* FinanceOverviewView.swift in Sources */ = {isa = PBXBuildFile; fileRef = A01A000001000011 /* FinanceOverviewView.swift */; };
		A01B000001000012 /* SavingsInsuranceView.swift in Sources */ = {isa = PBXBuildFile; fileRef = A01A000001000012 /* SavingsInsuranceView.swift */; };
		A01B000001000013 /* StockView.swift in Sources */ = {isa = PBXBuildFile; fileRef = A01A000001000013 /* StockView.swift */; };
		A01B000001000014 /* RealEstateView.swift in Sources */ = {isa = PBXBuildFile; fileRef = A01A000001000014 /* RealEstateView.swift */; };
		A01B000001000015 /* FinanceChartView.swift in Sources */ = {isa = PBXBuildFile; fileRef = A01A000001000015 /* FinanceChartView.swift */; };
		A01B000001000016 /* AddSavingsInsuranceView.swift in Sources */ = {isa = PBXBuildFile; fileRef = A01A000001000016 /* AddSavingsInsuranceView.swift */; };
		A01B000001000017 /* AddStockView.swift in Sources */ = {isa = PBXBuildFile; fileRef = A01A000001000017 /* AddStockView.swift */; };
		A01B000001000018 /* AddRealEstateView.swift in Sources */ = {isa = PBXBuildFile; fileRef = A01A000001000018 /* AddRealEstateView.swift */; };
		A01B000001000019 /* VehicleView.swift in Sources */ = {isa = PBXBuildFile; fileRef = A01A000001000019 /* VehicleView.swift */; };
		A01B00000100001A /* AddVehicleView.swift in Sources */ = {isa = PBXBuildFile; fileRef = A01A00000100001A /* AddVehicleView.swift */; };
		A01B00000100001E /* VehicleDetailView.swift in Sources */ = {isa = PBXBuildFile; fileRef = A01A00000100001E /* VehicleDetailView.swift */; };
		A01B00000100001F /* RealEstateDetailView.swift in Sources */ = {isa = PBXBuildFile; fileRef = A01A00000100001F /* RealEstateDetailView.swift */; };
		A01B000001000020 /* LifeModels.swift in Sources */ = {isa = PBXBuildFile; fileRef = A01A000001000020 /* LifeModels.swift */; };
		A01B000001000021 /* LifeStore.swift in Sources */ = {isa = PBXBuildFile; fileRef = A01A000001000021 /* LifeStore.swift */; };
		A01B000001000022 /* LifeOverviewView.swift in Sources */ = {isa = PBXBuildFile; fileRef = A01A000001000022 /* LifeOverviewView.swift */; };
		A01B000001000023 /* ResumeView.swift in Sources */ = {isa = PBXBuildFile; fileRef = A01A000001000023 /* ResumeView.swift */; };
		A01B000001000027 /* UnifiedExport.swift in Sources */ = {isa = PBXBuildFile; fileRef = A01A000001000027 /* UnifiedExport.swift */; };
		A01B000001000030 /* BackupManager.swift in Sources */ = {isa = PBXBuildFile; fileRef = A01A000001000030 /* BackupManager.swift */; };
		A01B000001000028 /* FamilyView.swift in Sources */ = {isa = PBXBuildFile; fileRef = A01A000001000028 /* FamilyView.swift */; };
		A01B000001000029 /* LifeRealEstateView.swift in Sources */ = {isa = PBXBuildFile; fileRef = A01A000001000029 /* LifeRealEstateView.swift */; };
		A01B000001000031 /* CareerView.swift in Sources */ = {isa = PBXBuildFile; fileRef = A01A000001000031 /* CareerView.swift */; };
		A01B000001000032 /* SubordinateView.swift in Sources */ = {isa = PBXBuildFile; fileRef = A01A000001000032 /* SubordinateView.swift */; };
		A01B000001000033 /* CloudSyncManager.swift in Sources */ = {isa = PBXBuildFile; fileRef = A01A000001000033 /* CloudSyncManager.swift */; };
		A01B000001000035 /* GradeTitleView.swift in Sources */ = {isa = PBXBuildFile; fileRef = A01A000001000035 /* GradeTitleView.swift */; };
		A01B000001000036 /* SpouseResumeView.swift in Sources */ = {isa = PBXBuildFile; fileRef = A01A000001000036 /* SpouseResumeView.swift */; };
		A01B000001000037 /* ChildrenResumeView.swift in Sources */ = {isa = PBXBuildFile; fileRef = A01A000001000037 /* ChildrenResumeView.swift */; };
		A01B000001000038 /* SubordinateDetailView.swift in Sources */ = {isa = PBXBuildFile; fileRef = A01A000001000038 /* SubordinateDetailView.swift */; };
		A01B000001000039 /* ChildDetailView.swift in Sources */ = {isa = PBXBuildFile; fileRef = A01A000001000039 /* ChildDetailView.swift */; };
		A01B00000100003A /* LifeFinanceView.swift in Sources */ = {isa = PBXBuildFile; fileRef = A01A00000100003A /* LifeFinanceView.swift */; };
		A01B00000100000A /* Assets.xcassets in Resources */ = {isa = PBXBuildFile; fileRef = A01A00000100000A /* Assets.xcassets */; };
		A01B00000100000B /* Preview Assets.xcassets in Resources */ = {isa = PBXBuildFile; fileRef = A01A00000100000B /* Preview Assets.xcassets */; };
/* End PBXBuildFile section */

/* Begin PBXFileReference section */
		A01A000001000001 /* LifeGoodApp.swift */ = {isa = PBXFileReference; lastKnownFileType = sourcecode.swift; path = LifeGoodApp.swift; sourceTree = "<group>"; };
		A01A000001000002 /* Expense.swift */ = {isa = PBXFileReference; lastKnownFileType = sourcecode.swift; path = Expense.swift; sourceTree = "<group>"; };
		A01A000001000003 /* ExpenseStore.swift */ = {isa = PBXFileReference; lastKnownFileType = sourcecode.swift; path = ExpenseStore.swift; sourceTree = "<group>"; };
		A01A000001000004 /* MainTabView.swift */ = {isa = PBXFileReference; lastKnownFileType = sourcecode.swift; path = MainTabView.swift; sourceTree = "<group>"; };
		A01A000001000005 /* OverviewView.swift */ = {isa = PBXFileReference; lastKnownFileType = sourcecode.swift; path = OverviewView.swift; sourceTree = "<group>"; };
		A01A000001000006 /* VariableExpenseView.swift */ = {isa = PBXFileReference; lastKnownFileType = sourcecode.swift; path = VariableExpenseView.swift; sourceTree = "<group>"; };
		A01A000001000007 /* FixedExpenseView.swift */ = {isa = PBXFileReference; lastKnownFileType = sourcecode.swift; path = FixedExpenseView.swift; sourceTree = "<group>"; };
		A01A000001000008 /* AddExpenseView.swift */ = {isa = PBXFileReference; lastKnownFileType = sourcecode.swift; path = AddExpenseView.swift; sourceTree = "<group>"; };
		A01A000001000009 /* ChartView.swift */ = {isa = PBXFileReference; lastKnownFileType = sourcecode.swift; path = ChartView.swift; sourceTree = "<group>"; };
		A01A00000100000D /* SettingsView.swift */ = {isa = PBXFileReference; lastKnownFileType = sourcecode.swift; path = SettingsView.swift; sourceTree = "<group>"; };
		A01A00000100001B /* Income.swift */ = {isa = PBXFileReference; lastKnownFileType = sourcecode.swift; path = Income.swift; sourceTree = "<group>"; };
		A01A00000100001C /* IncomeView.swift */ = {isa = PBXFileReference; lastKnownFileType = sourcecode.swift; path = IncomeView.swift; sourceTree = "<group>"; };
		A01A00000100001D /* AddIncomeView.swift */ = {isa = PBXFileReference; lastKnownFileType = sourcecode.swift; path = AddIncomeView.swift; sourceTree = "<group>"; };
		A01A00000100000E /* AppMode.swift */ = {isa = PBXFileReference; lastKnownFileType = sourcecode.swift; path = AppMode.swift; sourceTree = "<group>"; };
		A01A00000100000F /* FinanceModels.swift */ = {isa = PBXFileReference; lastKnownFileType = sourcecode.swift; path = FinanceModels.swift; sourceTree = "<group>"; };
		A01A000001000010 /* FinanceStore.swift */ = {isa = PBXFileReference; lastKnownFileType = sourcecode.swift; path = FinanceStore.swift; sourceTree = "<group>"; };
		A01A000001000011 /* FinanceOverviewView.swift */ = {isa = PBXFileReference; lastKnownFileType = sourcecode.swift; path = FinanceOverviewView.swift; sourceTree = "<group>"; };
		A01A000001000012 /* SavingsInsuranceView.swift */ = {isa = PBXFileReference; lastKnownFileType = sourcecode.swift; path = SavingsInsuranceView.swift; sourceTree = "<group>"; };
		A01A000001000013 /* StockView.swift */ = {isa = PBXFileReference; lastKnownFileType = sourcecode.swift; path = StockView.swift; sourceTree = "<group>"; };
		A01A000001000014 /* RealEstateView.swift */ = {isa = PBXFileReference; lastKnownFileType = sourcecode.swift; path = RealEstateView.swift; sourceTree = "<group>"; };
		A01A000001000015 /* FinanceChartView.swift */ = {isa = PBXFileReference; lastKnownFileType = sourcecode.swift; path = FinanceChartView.swift; sourceTree = "<group>"; };
		A01A000001000016 /* AddSavingsInsuranceView.swift */ = {isa = PBXFileReference; lastKnownFileType = sourcecode.swift; path = AddSavingsInsuranceView.swift; sourceTree = "<group>"; };
		A01A000001000017 /* AddStockView.swift */ = {isa = PBXFileReference; lastKnownFileType = sourcecode.swift; path = AddStockView.swift; sourceTree = "<group>"; };
		A01A000001000018 /* AddRealEstateView.swift */ = {isa = PBXFileReference; lastKnownFileType = sourcecode.swift; path = AddRealEstateView.swift; sourceTree = "<group>"; };
		A01A000001000019 /* VehicleView.swift */ = {isa = PBXFileReference; lastKnownFileType = sourcecode.swift; path = VehicleView.swift; sourceTree = "<group>"; };
		A01A00000100001A /* AddVehicleView.swift */ = {isa = PBXFileReference; lastKnownFileType = sourcecode.swift; path = AddVehicleView.swift; sourceTree = "<group>"; };
		A01A00000100001E /* VehicleDetailView.swift */ = {isa = PBXFileReference; lastKnownFileType = sourcecode.swift; path = VehicleDetailView.swift; sourceTree = "<group>"; };
		A01A00000100001F /* RealEstateDetailView.swift */ = {isa = PBXFileReference; lastKnownFileType = sourcecode.swift; path = RealEstateDetailView.swift; sourceTree = "<group>"; };
		A01A000001000020 /* LifeModels.swift */ = {isa = PBXFileReference; lastKnownFileType = sourcecode.swift; path = LifeModels.swift; sourceTree = "<group>"; };
		A01A000001000021 /* LifeStore.swift */ = {isa = PBXFileReference; lastKnownFileType = sourcecode.swift; path = LifeStore.swift; sourceTree = "<group>"; };
		A01A000001000022 /* LifeOverviewView.swift */ = {isa = PBXFileReference; lastKnownFileType = sourcecode.swift; path = LifeOverviewView.swift; sourceTree = "<group>"; };
		A01A000001000023 /* ResumeView.swift */ = {isa = PBXFileReference; lastKnownFileType = sourcecode.swift; path = ResumeView.swift; sourceTree = "<group>"; };
		A01A000001000027 /* UnifiedExport.swift */ = {isa = PBXFileReference; lastKnownFileType = sourcecode.swift; path = UnifiedExport.swift; sourceTree = "<group>"; };
		A01A000001000030 /* BackupManager.swift */ = {isa = PBXFileReference; lastKnownFileType = sourcecode.swift; path = BackupManager.swift; sourceTree = "<group>"; };
		A01A000001000028 /* FamilyView.swift */ = {isa = PBXFileReference; lastKnownFileType = sourcecode.swift; path = FamilyView.swift; sourceTree = "<group>"; };
		A01A000001000029 /* LifeRealEstateView.swift */ = {isa = PBXFileReference; lastKnownFileType = sourcecode.swift; path = LifeRealEstateView.swift; sourceTree = "<group>"; };
		A01A000001000031 /* CareerView.swift */ = {isa = PBXFileReference; lastKnownFileType = sourcecode.swift; path = CareerView.swift; sourceTree = "<group>"; };
		A01A000001000032 /* SubordinateView.swift */ = {isa = PBXFileReference; lastKnownFileType = sourcecode.swift; path = SubordinateView.swift; sourceTree = "<group>"; };
		A01A000001000033 /* CloudSyncManager.swift */ = {isa = PBXFileReference; lastKnownFileType = sourcecode.swift; path = CloudSyncManager.swift; sourceTree = "<group>"; };
		A01A000001000034 /* LifeGood.entitlements */ = {isa = PBXFileReference; lastKnownFileType = text.plist.entitlements; path = LifeGood.entitlements; sourceTree = "<group>"; };
		A01A000001000035 /* GradeTitleView.swift */ = {isa = PBXFileReference; lastKnownFileType = sourcecode.swift; path = GradeTitleView.swift; sourceTree = "<group>"; };
		A01A000001000036 /* SpouseResumeView.swift */ = {isa = PBXFileReference; lastKnownFileType = sourcecode.swift; path = SpouseResumeView.swift; sourceTree = "<group>"; };
		A01A000001000037 /* ChildrenResumeView.swift */ = {isa = PBXFileReference; lastKnownFileType = sourcecode.swift; path = ChildrenResumeView.swift; sourceTree = "<group>"; };
		A01A000001000038 /* SubordinateDetailView.swift */ = {isa = PBXFileReference; lastKnownFileType = sourcecode.swift; path = SubordinateDetailView.swift; sourceTree = "<group>"; };
		A01A000001000039 /* ChildDetailView.swift */ = {isa = PBXFileReference; lastKnownFileType = sourcecode.swift; path = ChildDetailView.swift; sourceTree = "<group>"; };
		A01A00000100003A /* LifeFinanceView.swift */ = {isa = PBXFileReference; lastKnownFileType = sourcecode.swift; path = LifeFinanceView.swift; sourceTree = "<group>"; };
		A01A00000100000A /* Assets.xcassets */ = {isa = PBXFileReference; lastKnownFileType = folder.assetcatalog; path = Assets.xcassets; sourceTree = "<group>"; };
		A01A00000100000B /* Preview Assets.xcassets */ = {isa = PBXFileReference; lastKnownFileType = folder.assetcatalog; path = "Preview Assets.xcassets"; sourceTree = "<group>"; };
		A01A00000100000C /* LifeGood.app */ = {isa = PBXFileReference; explicitFileType = wrapper.application; includeInIndex = 0; path = LifeGood.app; sourceTree = BUILT_PRODUCTS_DIR; };
/* End PBXFileReference section */

/* Begin PBXFrameworksBuildPhase section */
		A01C000001000001 /* Frameworks */ = {
			isa = PBXFrameworksBuildPhase;
			buildActionMask = 2147483647;
			files = (
			);
			runOnlyForDeploymentPostprocessing = 0;
		};
/* End PBXFrameworksBuildPhase section */

/* Begin PBXGroup section */
		A01D000001000001 /* Root */ = {
			isa = PBXGroup;
			children = (
				A01D000001000002 /* LifeGood */,
				A01D000001000005 /* Products */,
			);
			sourceTree = "<group>";
		};
		A01D000001000002 /* LifeGood */ = {
			isa = PBXGroup;
			children = (
				A01A000001000001 /* LifeGoodApp.swift */,
				A01A000001000034 /* LifeGood.entitlements */,
				A01D000001000003 /* Models */,
				A01D000001000004 /* Views */,
				A01A00000100000A /* Assets.xcassets */,
				A01D000001000006 /* Preview Content */,
			);
			path = LifeGood;
			sourceTree = "<group>";
		};
		A01D000001000003 /* Models */ = {
			isa = PBXGroup;
			children = (
				A01A000001000002 /* Expense.swift */,
				A01A000001000003 /* ExpenseStore.swift */,
				A01A00000100001B /* Income.swift */,
				A01A00000100000E /* AppMode.swift */,
				A01A00000100000F /* FinanceModels.swift */,
				A01A000001000010 /* FinanceStore.swift */,
				A01A000001000020 /* LifeModels.swift */,
				A01A000001000021 /* LifeStore.swift */,
				A01A000001000027 /* UnifiedExport.swift */,
				A01A000001000030 /* BackupManager.swift */,
				A01A000001000033 /* CloudSyncManager.swift */,
			);
			path = Models;
			sourceTree = "<group>";
		};
		A01D000001000004 /* Views */ = {
			isa = PBXGroup;
			children = (
				A01A000001000004 /* MainTabView.swift */,
				A01A000001000005 /* OverviewView.swift */,
				A01A000001000006 /* VariableExpenseView.swift */,
				A01A000001000007 /* FixedExpenseView.swift */,
				A01A000001000008 /* AddExpenseView.swift */,
				A01A000001000009 /* ChartView.swift */,
				A01A00000100001C /* IncomeView.swift */,
				A01A00000100001D /* AddIncomeView.swift */,
				A01A00000100000D /* SettingsView.swift */,
				A01D000001000007 /* Finance */,
			A01D000001000008 /* Life */,
			);
			path = Views;
			sourceTree = "<group>";
		};
		A01D000001000007 /* Finance */ = {
			isa = PBXGroup;
			children = (
				A01A000001000011 /* FinanceOverviewView.swift */,
				A01A000001000012 /* SavingsInsuranceView.swift */,
				A01A000001000013 /* StockView.swift */,
				A01A000001000014 /* RealEstateView.swift */,
				A01A000001000015 /* FinanceChartView.swift */,
				A01A000001000016 /* AddSavingsInsuranceView.swift */,
				A01A000001000017 /* AddStockView.swift */,
				A01A000001000019 /* VehicleView.swift */,
				A01A00000100001A /* AddVehicleView.swift */,
				A01A00000100001E /* VehicleDetailView.swift */,
				A01A000001000018 /* AddRealEstateView.swift */,
				A01A00000100001F /* RealEstateDetailView.swift */,
			);
			path = Finance;
			sourceTree = "<group>";
		};
		A01D000001000008 /* Life */ = {
			isa = PBXGroup;
			children = (
				A01A000001000022 /* LifeOverviewView.swift */,
				A01A000001000023 /* ResumeView.swift */,
				A01A000001000028 /* FamilyView.swift */,
				A01A000001000029 /* LifeRealEstateView.swift */,
				A01A000001000031 /* CareerView.swift */,
				A01A000001000032 /* SubordinateView.swift */,
				A01A000001000035 /* GradeTitleView.swift */,
				A01A000001000036 /* SpouseResumeView.swift */,
				A01A000001000037 /* ChildrenResumeView.swift */,
				A01A000001000038 /* SubordinateDetailView.swift */,
				A01A000001000039 /* ChildDetailView.swift */,
				A01A00000100003A /* LifeFinanceView.swift */,
			);
			path = Life;
			sourceTree = "<group>";
		};
		A01D000001000005 /* Products */ = {
			isa = PBXGroup;
			children = (
				A01A00000100000C /* LifeGood.app */,
			);
			name = Products;
			sourceTree = "<group>";
		};
		A01D000001000006 /* Preview Content */ = {
			isa = PBXGroup;
			children = (
				A01A00000100000B /* Preview Assets.xcassets */,
			);
			path = "Preview Content";
			sourceTree = "<group>";
		};
/* End PBXGroup section */

/* Begin PBXNativeTarget section */
		A01E000001000001 /* LifeGood */ = {
			isa = PBXNativeTarget;
			buildConfigurationList = A01F000001000003 /* Build configuration list for PBXNativeTarget "LifeGood" */;
			buildPhases = (
				A01C000001000002 /* Sources */,
				A01C000001000001 /* Frameworks */,
				A01C000001000003 /* Resources */,
			);
			buildRules = (
			);
			dependencies = (
			);
			name = LifeGood;
			productName = LifeGood;
			productReference = A01A00000100000C /* LifeGood.app */;
			productType = "com.apple.product-type.application";
		};
/* End PBXNativeTarget section */

/* Begin PBXProject section */
		A01E000001000002 /* Project object */ = {
			isa = PBXProject;
			attributes = {
				BuildIndependentTargetsInParallel = 1;
				LastSwiftUpdateCheck = 1540;
				LastUpgradeCheck = 1540;
				TargetAttributes = {
					A01E000001000001 = {
						CreatedOnToolsVersion = 15.4;
					};
				};
			};
			buildConfigurationList = A01F000001000006 /* Build configuration list for PBXProject "LifeGood" */;
			compatibilityVersion = "Xcode 14.0";
			developmentRegion = "zh-Hant";
			hasScannedForEncodings = 0;
			knownRegions = (
				en,
				Base,
				"zh-Hant",
			);
			mainGroup = A01D000001000001 /* Root */;
			productRefGroup = A01D000001000005 /* Products */;
			projectDirPath = "";
			projectRoot = "";
			targets = (
				A01E000001000001 /* LifeGood */,
			);
		};
/* End PBXProject section */

/* Begin PBXResourcesBuildPhase section */
		A01C000001000003 /* Resources */ = {
			isa = PBXResourcesBuildPhase;
			buildActionMask = 2147483647;
			files = (
				A01B00000100000B /* Preview Assets.xcassets in Resources */,
				A01B00000100000A /* Assets.xcassets in Resources */,
			);
			runOnlyForDeploymentPostprocessing = 0;
		};
/* End PBXResourcesBuildPhase section */

/* Begin PBXSourcesBuildPhase section */
		A01C000001000002 /* Sources */ = {
			isa = PBXSourcesBuildPhase;
			buildActionMask = 2147483647;
			files = (
				A01B000001000001 /* LifeGoodApp.swift in Sources */,
				A01B000001000002 /* Expense.swift in Sources */,
				A01B000001000003 /* ExpenseStore.swift in Sources */,
				A01B000001000004 /* MainTabView.swift in Sources */,
				A01B000001000005 /* OverviewView.swift in Sources */,
				A01B000001000006 /* VariableExpenseView.swift in Sources */,
				A01B000001000007 /* FixedExpenseView.swift in Sources */,
				A01B000001000008 /* AddExpenseView.swift in Sources */,
				A01B000001000009 /* ChartView.swift in Sources */,
				A01B00000100000D /* SettingsView.swift in Sources */,
				A01B00000100000E /* AppMode.swift in Sources */,
				A01B00000100000F /* FinanceModels.swift in Sources */,
				A01B000001000010 /* FinanceStore.swift in Sources */,
				A01B000001000011 /* FinanceOverviewView.swift in Sources */,
				A01B000001000012 /* SavingsInsuranceView.swift in Sources */,
				A01B000001000013 /* StockView.swift in Sources */,
				A01B000001000014 /* RealEstateView.swift in Sources */,
				A01B000001000015 /* FinanceChartView.swift in Sources */,
				A01B000001000016 /* AddSavingsInsuranceView.swift in Sources */,
				A01B000001000017 /* AddStockView.swift in Sources */,
				A01B000001000018 /* AddRealEstateView.swift in Sources */,
				A01B000001000019 /* VehicleView.swift in Sources */,
				A01B00000100001A /* AddVehicleView.swift in Sources */,
				A01B00000100001E /* VehicleDetailView.swift in Sources */,
				A01B00000100001F /* RealEstateDetailView.swift in Sources */,
				A01B00000100001B /* Income.swift in Sources */,
				A01B00000100001C /* IncomeView.swift in Sources */,
				A01B00000100001D /* AddIncomeView.swift in Sources */,
				A01B000001000020 /* LifeModels.swift in Sources */,
				A01B000001000021 /* LifeStore.swift in Sources */,
				A01B000001000022 /* LifeOverviewView.swift in Sources */,
				A01B000001000023 /* ResumeView.swift in Sources */,
				A01B000001000028 /* FamilyView.swift in Sources */,
				A01B000001000029 /* LifeRealEstateView.swift in Sources */,
				A01B000001000031 /* CareerView.swift in Sources */,
				A01B000001000032 /* SubordinateView.swift in Sources */,
				A01B000001000027 /* UnifiedExport.swift in Sources */,
				A01B000001000030 /* BackupManager.swift in Sources */,
				A01B000001000033 /* CloudSyncManager.swift in Sources */,
				A01B000001000035 /* GradeTitleView.swift in Sources */,
				A01B000001000036 /* SpouseResumeView.swift in Sources */,
				A01B000001000037 /* ChildrenResumeView.swift in Sources */,
				A01B000001000038 /* SubordinateDetailView.swift in Sources */,
				A01B000001000039 /* ChildDetailView.swift in Sources */,
				A01B00000100003A /* LifeFinanceView.swift in Sources */,
			);
			runOnlyForDeploymentPostprocessing = 0;
		};
/* End PBXSourcesBuildPhase section */

/* Begin XCBuildConfiguration section */
		A01F000001000001 /* Debug */ = {
			isa = XCBuildConfiguration;
			buildSettings = {
				ASSETCATALOG_COMPILER_APPICON_NAME = AppIcon;
				ASSETCATALOG_COMPILER_GLOBAL_ACCENT_COLOR_NAME = AccentColor;
				CODE_SIGN_ENTITLEMENTS = LifeGood/LifeGood.entitlements;
				CODE_SIGN_STYLE = Automatic;
				CURRENT_PROJECT_VERSION = 119;
				DEVELOPMENT_ASSET_PATHS = "\"LifeGood/Preview Content\"";
				ENABLE_PREVIEWS = YES;
				GENERATE_INFOPLIST_FILE = YES;
				INFOPLIST_KEY_CFBundleDisplayName = "LifeGood";
				INFOPLIST_KEY_UIApplicationSceneManifest_Generation = YES;
				INFOPLIST_KEY_UIApplicationSupportsIndirectInputEvents = YES;
				INFOPLIST_KEY_UILaunchScreen_Generation = YES;
				INFOPLIST_KEY_UISupportedInterfaceOrientations_iPad = "UIInterfaceOrientationPortrait UIInterfaceOrientationPortraitUpsideDown UIInterfaceOrientationLandscapeLeft UIInterfaceOrientationLandscapeRight";
				INFOPLIST_KEY_UISupportedInterfaceOrientations_iPhone = "UIInterfaceOrientationPortrait UIInterfaceOrientationLandscapeLeft UIInterfaceOrientationLandscapeRight";
				LD_RUNPATH_SEARCH_PATHS = (
					"$(inherited)",
					"@executable_path/Frameworks",
				);
				MARKETING_VERSION = 12.8;
				PRODUCT_BUNDLE_IDENTIFIER = com.lifegood.app;
				PRODUCT_NAME = "$(TARGET_NAME)";
				SWIFT_EMIT_LOC_STRINGS = YES;
				SWIFT_VERSION = 5.0;
				TARGETED_DEVICE_FAMILY = "1,2";
			};
			name = Debug;
		};
		A01F000001000002 /* Release */ = {
			isa = XCBuildConfiguration;
			buildSettings = {
				ASSETCATALOG_COMPILER_APPICON_NAME = AppIcon;
				ASSETCATALOG_COMPILER_GLOBAL_ACCENT_COLOR_NAME = AccentColor;
				CODE_SIGN_ENTITLEMENTS = LifeGood/LifeGood.entitlements;
				CODE_SIGN_STYLE = Automatic;
				CURRENT_PROJECT_VERSION = 119;
				DEVELOPMENT_ASSET_PATHS = "\"LifeGood/Preview Content\"";
				ENABLE_PREVIEWS = YES;
				GENERATE_INFOPLIST_FILE = YES;
				INFOPLIST_KEY_CFBundleDisplayName = "LifeGood";
				INFOPLIST_KEY_UIApplicationSceneManifest_Generation = YES;
				INFOPLIST_KEY_UIApplicationSupportsIndirectInputEvents = YES;
				INFOPLIST_KEY_UILaunchScreen_Generation = YES;
				INFOPLIST_KEY_UISupportedInterfaceOrientations_iPad = "UIInterfaceOrientationPortrait UIInterfaceOrientationPortraitUpsideDown UIInterfaceOrientationLandscapeLeft UIInterfaceOrientationLandscapeRight";
				INFOPLIST_KEY_UISupportedInterfaceOrientations_iPhone = "UIInterfaceOrientationPortrait UIInterfaceOrientationLandscapeLeft UIInterfaceOrientationLandscapeRight";
				LD_RUNPATH_SEARCH_PATHS = (
					"$(inherited)",
					"@executable_path/Frameworks",
				);
				MARKETING_VERSION = 12.8;
				PRODUCT_BUNDLE_IDENTIFIER = com.lifegood.app;
				PRODUCT_NAME = "$(TARGET_NAME)";
				SWIFT_EMIT_LOC_STRINGS = YES;
				SWIFT_VERSION = 5.0;
				TARGETED_DEVICE_FAMILY = "1,2";
			};
			name = Release;
		};
		A01F000001000004 /* Debug */ = {
			isa = XCBuildConfiguration;
			buildSettings = {
				ALWAYS_SEARCH_USER_PATHS = NO;
				ASSETCATALOG_COMPILER_GENERATE_SWIFT_ASSET_SYMBOL_EXTENSIONS = YES;
				CLANG_ANALYZER_NONNULL = YES;
				CLANG_ANALYZER_NUMBER_OBJECT_CONVERSION = YES_AGGRESSIVE;
				CLANG_CXX_LANGUAGE_STANDARD = "gnu++20";
				CLANG_ENABLE_MODULES = YES;
				CLANG_ENABLE_OBJC_ARC = YES;
				CLANG_ENABLE_OBJC_WEAK = YES;
				CLANG_WARN_BLOCK_CAPTURE_AUTORELEASING = YES;
				CLANG_WARN_BOOL_CONVERSION = YES;
				CLANG_WARN_COMMA = YES;
				CLANG_WARN_CONSTANT_CONVERSION = YES;
				CLANG_WARN_DEPRECATED_OBJC_IMPLEMENTATIONS = YES;
				CLANG_WARN_DIRECT_OBJC_ISA_USAGE = YES_ERROR;
				CLANG_WARN_DOCUMENTATION_COMMENTS = YES;
				CLANG_WARN_EMPTY_BODY = YES;
				CLANG_WARN_ENUM_CONVERSION = YES;
				CLANG_WARN_INFINITE_RECURSION = YES;
				CLANG_WARN_INT_CONVERSION = YES;
				CLANG_WARN_NON_LITERAL_NULL_CONVERSION = YES;
				CLANG_WARN_OBJC_IMPLICIT_RETAIN_SELF = YES;
				CLANG_WARN_OBJC_LITERAL_CONVERSION = YES;
				CLANG_WARN_OBJC_ROOT_CLASS = YES_ERROR;
				CLANG_WARN_QUOTED_INCLUDE_IN_FRAMEWORK_HEADER = YES;
				CLANG_WARN_RANGE_LOOP_ANALYSIS = YES;
				CLANG_WARN_STRICT_PROTOTYPES = YES;
				CLANG_WARN_SUSPICIOUS_MOVE = YES;
				CLANG_WARN_UNGUARDED_AVAILABILITY = YES_AGGRESSIVE;
				CLANG_WARN_UNREACHABLE_CODE = YES;
				CLANG_WARN__DUPLICATE_METHOD_MATCH = YES;
				COPY_PHASE_STRIP = NO;
				DEBUG_INFORMATION_FORMAT = dwarf;
				ENABLE_STRICT_OBJC_MSGSEND = YES;
				ENABLE_TESTABILITY = YES;
				ENABLE_USER_SCRIPT_SANDBOXING = YES;
				GCC_C_LANGUAGE_STANDARD = gnu17;
				GCC_DYNAMIC_NO_PIC = NO;
				GCC_NO_COMMON_BLOCKS = YES;
				GCC_OPTIMIZATION_LEVEL = 0;
				GCC_PREPROCESSOR_DEFINITIONS = (
					"DEBUG=1",
					"$(inherited)",
				);
				GCC_WARN_64_TO_32_BIT_CONVERSION = YES;
				GCC_WARN_ABOUT_RETURN_TYPE = YES_ERROR;
				GCC_WARN_UNDECLARED_SELECTOR = YES;
				GCC_WARN_UNINITIALIZED_AUTOS = YES_AGGRESSIVE;
				GCC_WARN_UNUSED_FUNCTION = YES;
				GCC_WARN_UNUSED_VARIABLE = YES;
				IPHONEOS_DEPLOYMENT_TARGET = 17.0;
				LOCALIZATION_PREFERS_STRING_CATALOGS = YES;
				MTL_ENABLE_DEBUG_INFO = INCLUDE_SOURCE;
				MTL_FAST_MATH = YES;
				ONLY_ACTIVE_ARCH = YES;
				SDKROOT = iphoneos;
				SWIFT_ACTIVE_COMPILATION_CONDITIONS = "DEBUG $(inherited)";
				SWIFT_OPTIMIZATION_LEVEL = "-Onone";
			};
			name = Debug;
		};
		A01F000001000005 /* Release */ = {
			isa = XCBuildConfiguration;
			buildSettings = {
				ALWAYS_SEARCH_USER_PATHS = NO;
				ASSETCATALOG_COMPILER_GENERATE_SWIFT_ASSET_SYMBOL_EXTENSIONS = YES;
				CLANG_ANALYZER_NONNULL = YES;
				CLANG_ANALYZER_NUMBER_OBJECT_CONVERSION = YES_AGGRESSIVE;
				CLANG_CXX_LANGUAGE_STANDARD = "gnu++20";
				CLANG_ENABLE_MODULES = YES;
				CLANG_ENABLE_OBJC_ARC = YES;
				CLANG_ENABLE_OBJC_WEAK = YES;
				CLANG_WARN_BLOCK_CAPTURE_AUTORELEASING = YES;
				CLANG_WARN_BOOL_CONVERSION = YES;
				CLANG_WARN_COMMA = YES;
				CLANG_WARN_CONSTANT_CONVERSION = YES;
				CLANG_WARN_DEPRECATED_OBJC_IMPLEMENTATIONS = YES;
				CLANG_WARN_DIRECT_OBJC_ISA_USAGE = YES_ERROR;
				CLANG_WARN_DOCUMENTATION_COMMENTS = YES;
				CLANG_WARN_EMPTY_BODY = YES;
				CLANG_WARN_ENUM_CONVERSION = YES;
				CLANG_WARN_INFINITE_RECURSION = YES;
				CLANG_WARN_INT_CONVERSION = YES;
				CLANG_WARN_NON_LITERAL_NULL_CONVERSION = YES;
				CLANG_WARN_OBJC_IMPLICIT_RETAIN_SELF = YES;
				CLANG_WARN_OBJC_LITERAL_CONVERSION = YES;
				CLANG_WARN_OBJC_ROOT_CLASS = YES_ERROR;
				CLANG_WARN_QUOTED_INCLUDE_IN_FRAMEWORK_HEADER = YES;
				CLANG_WARN_RANGE_LOOP_ANALYSIS = YES;
				CLANG_WARN_STRICT_PROTOTYPES = YES;
				CLANG_WARN_SUSPICIOUS_MOVE = YES;
				CLANG_WARN_UNGUARDED_AVAILABILITY = YES_AGGRESSIVE;
				CLANG_WARN_UNREACHABLE_CODE = YES;
				CLANG_WARN__DUPLICATE_METHOD_MATCH = YES;
				COPY_PHASE_STRIP = NO;
				DEBUG_INFORMATION_FORMAT = "dwarf-with-dsym";
				ENABLE_NS_ASSERTIONS = NO;
				ENABLE_STRICT_OBJC_MSGSEND = YES;
				ENABLE_USER_SCRIPT_SANDBOXING = YES;
				GCC_C_LANGUAGE_STANDARD = gnu17;
				GCC_NO_COMMON_BLOCKS = YES;
				GCC_WARN_64_TO_32_BIT_CONVERSION = YES;
				GCC_WARN_ABOUT_RETURN_TYPE = YES_ERROR;
				GCC_WARN_UNDECLARED_SELECTOR = YES;
				GCC_WARN_UNINITIALIZED_AUTOS = YES_AGGRESSIVE;
				GCC_WARN_UNUSED_FUNCTION = YES;
				GCC_WARN_UNUSED_VARIABLE = YES;
				IPHONEOS_DEPLOYMENT_TARGET = 17.0;
				LOCALIZATION_PREFERS_STRING_CATALOGS = YES;
				MTL_ENABLE_DEBUG_INFO = NO;
				MTL_FAST_MATH = YES;
				SDKROOT = iphoneos;
				SWIFT_COMPILATION_MODE = wholemodule;
				VALIDATE_PRODUCT = YES;
			};
			name = Release;
		};
/* End XCBuildConfiguration section */

/* Begin XCConfigurationList section */
		A01F000001000003 /* Build configuration list for PBXNativeTarget "LifeGood" */ = {
			isa = XCConfigurationList;
			buildConfigurations = (
				A01F000001000001 /* Debug */,
				A01F000001000002 /* Release */,
			);
			defaultConfigurationIsVisible = 0;
			defaultConfigurationName = Release;
		};
		A01F000001000006 /* Build configuration list for PBXProject "LifeGood" */ = {
			isa = XCConfigurationList;
			buildConfigurations = (
				A01F000001000004 /* Debug */,
				A01F000001000005 /* Release */,
			);
			defaultConfigurationIsVisible = 0;
			defaultConfigurationName = Release;
		};
/* End XCConfigurationList section */
	};
	rootObject = A01E000001000002 /* Project object */;
}
